
Microsoft Visual Studio Solution File, Format Version 12.00
# Visual Studio Version 17
VisualStudioVersion = 17.9.34728.123
MinimumVisualStudioVersion = 10.0.40219.1
Project("{9A19103F-16F7-4668-BE54-9A1E7A4F7556}") = "PokemonApp.API", "PokemonAPI\PokemonApp.API.csproj", "{1A40BFB9-8BE1-4E4F-8049-6A71F290615C}"
EndProject
Project("{9A19103F-16F7-4668-BE54-9A1E7A4F7556}") = "PokemonApp.Application", "Application\PokemonApp.Application.csproj", "{ADACC2FA-5791-4F23-A37C-791598397D59}"
EndProject
Project("{9A19103F-16F7-4668-BE54-9A1E7A4F7556}") = "PokemonApp.Domain", "Pokemon.Domain\PokemonApp.Domain.csproj", "{8B60928C-9930-4B32-A0FA-0B27B1B15740}"
EndProject
Project("{9A19103F-16F7-4668-BE54-9A1E7A4F7556}") = "PokemonApp.Infrastructure", "Pokemon.Infrastructure\PokemonApp.Infrastructure.csproj", "{4A5BC7B8-65B4-432A-90A3-76D0713249A2}"
EndProject
Global
	GlobalSection(SolutionConfigurationPlatforms) = preSolution
		Debug|Any CPU = Debug|Any CPU
		Release|Any CPU = Release|Any CPU
	EndGlobalSection
	GlobalSection(ProjectConfigurationPlatforms) = postSolution
		{1A40BFB9-8BE1-4E4F-8049-6A71F290615C}.Debug|Any CPU.ActiveCfg = Debug|Any CPU
		{1A40BFB9-8BE1-4E4F-8049-6A71F290615C}.Debug|Any CPU.Build.0 = Debug|Any CPU
		{1A40BFB9-8BE1-4E4F-8049-6A71F290615C}.Release|Any CPU.ActiveCfg = Release|Any CPU
		{1A40BFB9-8BE1-4E4F-8049-6A71F290615C}.Release|Any CPU.Build.0 = Release|Any CPU
		{ADACC2FA-5791-4F23-A37C-791598397D59}.Debug|Any CPU.ActiveCfg = Debug|Any CPU
		{ADACC2FA-5791-4F23-A37C-791598397D59}.Debug|Any CPU.Build.0 = Debug|Any CPU
		{ADACC2FA-5791-4F23-A37C-791598397D59}.Release|Any CPU.ActiveCfg = Release|Any CPU
		{ADACC2FA-5791-4F23-A37C-791598397D59}.Release|Any CPU.Build.0 = Release|Any CPU
		{8B60928C-9930-4B32-A0FA-0B27B1B15740}.Debug|Any CPU.ActiveCfg = Debug|Any CPU
		{8B60928C-9930-4B32-A0FA-0B27B1B15740}.Debug|Any CPU.Build.0 = Debug|Any CPU
		{8B60928C-9930-4B32-A0FA-0B27B1B15740}.Release|Any CPU.ActiveCfg = Release|Any CPU
		{8B60928C-9930-4B32-A0FA-0B27B1B15740}.Release|Any CPU.Build.0 = Release|Any CPU
		{4A5BC7B8-65B4-432A-90A3-76D0713249A2}.Debug|Any CPU.ActiveCfg = Debug|Any CPU
		{4A5BC7B8-65B4-432A-90A3-76D0713249A2}.Debug|Any CPU.Build.0 = Debug|Any CPU
		{4A5BC7B8-65B4-432A-90A3-76D0713249A2}.Release|Any CPU.ActiveCfg = Release|Any CPU
		{4A5BC7B8-65B4-432A-90A3-76D0713249A2}.Release|Any CPU.Build.0 = Release|Any CPU
	EndGlobalSection
	GlobalSection(SolutionProperties) = preSolution
		HideSolutionNode = FALSE
	EndGlobalSection
	GlobalSection(ExtensibilityGlobals) = postSolution
		SolutionGuid = {5BEC69FD-5DFD-4F6D-9AC0-1D3CC89949EA}
	EndGlobalSection
EndGlobal
